// !$*UTF8*$!
{
	archiveVersion = 1;
	classes = {
	};
	objectVersion = 48;
	objects = {

/* Begin PBXBuildFile section */
		3EF467561FCDE69F00001FAF /* AppDelegate.swift in Sources */ = {isa = PBXBuildFile; fileRef = 3EF467551FCDE69F00001FAF /* AppDelegate.swift */; };
		3EF467581FCDE69F00001FAF /* ViewController.swift in Sources */ = {isa = PBXBuildFile; fileRef = 3EF467571FCDE69F00001FAF /* ViewController.swift */; };
		3EF4675B1FCDE69F00001FAF /* Main.storyboard in Resources */ = {isa = PBXBuildFile; fileRef = 3EF467591FCDE69F00001FAF /* Main.storyboard */; };
		3EF4675D1FCDE69F00001FAF /* Assets.xcassets in Resources */ = {isa = PBXBuildFile; fileRef = 3EF4675C1FCDE69F00001FAF /* Assets.xcassets */; };
		3EF467601FCDE69F00001FAF /* LaunchScreen.storyboard in Resources */ = {isa = PBXBuildFile; fileRef = 3EF4675E1FCDE69F00001FAF /* LaunchScreen.storyboard */; };
		3EF4676D1FCE13E400001FAF /* hotels.geojson in Resources */ = {isa = PBXBuildFile; fileRef = 3EF4676C1FCE13E400001FAF /* hotels.geojson */; };
		9A9F0ADB1FD74B360042431F /* Mapbox.framework in Frameworks */ = {isa = PBXBuildFile; fileRef = 9A9F0ADA1FD74B360042431F /* Mapbox.framework */; };
		9A9F0ADC1FD74B360042431F /* Mapbox.framework in Embed Frameworks */ = {isa = PBXBuildFile; fileRef = 9A9F0ADA1FD74B360042431F /* Mapbox.framework */; settings = {ATTRIBUTES = (CodeSignOnCopy, RemoveHeadersOnCopy, ); }; };
/* End PBXBuildFile section */

/* Begin PBXCopyFilesBuildPhase section */
		9A9F0ADD1FD74B360042431F /* Embed Frameworks */ = {
			isa = PBXCopyFilesBuildPhase;
			buildActionMask = 2147483647;
			dstPath = "";
			dstSubfolderSpec = 10;
			files = (
				9A9F0ADC1FD74B360042431F /* Mapbox.framework in Embed Frameworks */,
			);
			name = "Embed Frameworks";
			runOnlyForDeploymentPostprocessing = 0;
		};
/* End PBXCopyFilesBuildPhase section */

/* Begin PBXFileReference section */
		3ED14FBE1FD7395A00DFDBC1 /* Mapbox.framework */ = {isa = PBXFileReference; lastKnownFileType = wrapper.framework; path = Mapbox.framework; sourceTree = "<group>"; };
		3EF467521FCDE69F00001FAF /* AddLocationDemo.app */ = {isa = PBXFileReference; explicitFileType = wrapper.application; includeInIndex = 0; path = AddLocationDemo.app; sourceTree = BUILT_PRODUCTS_DIR; };
		3EF467551FCDE69F00001FAF /* AppDelegate.swift */ = {isa = PBXFileReference; lastKnownFileType = sourcecode.swift; path = AppDelegate.swift; sourceTree = "<group>"; };
		3EF467571FCDE69F00001FAF /* ViewController.swift */ = {isa = PBXFileReference; lastKnownFileType = sourcecode.swift; path = ViewController.swift; sourceTree = "<group>"; };
		3EF4675A1FCDE69F00001FAF /* Base */ = {isa = PBXFileReference; lastKnownFileType = file.storyboard; name = Base; path = Base.lproj/Main.storyboard; sourceTree = "<group>"; };
		3EF4675C1FCDE69F00001FAF /* Assets.xcassets */ = {isa = PBXFileReference; lastKnownFileType = folder.assetcatalog; path = Assets.xcassets; sourceTree = "<group>"; };
		3EF4675F1FCDE69F00001FAF /* Base */ = {isa = PBXFileReference; lastKnownFileType = file.storyboard; name = Base; path = Base.lproj/LaunchScreen.storyboard; sourceTree = "<group>"; };
		3EF467611FCDE69F00001FAF /* Info.plist */ = {isa = PBXFileReference; lastKnownFileType = text.plist.xml; path = Info.plist; sourceTree = "<group>"; };
		3EF4676C1FCE13E400001FAF /* hotels.geojson */ = {isa = PBXFileReference; fileEncoding = 4; lastKnownFileType = text; path = hotels.geojson; sourceTree = "<group>"; };
		9A9F0ADA1FD74B360042431F /* Mapbox.framework */ = {isa = PBXFileReference; lastKnownFileType = wrapper.framework; path = Mapbox.framework; sourceTree = "<group>"; };
/* End PBXFileReference section */

/* Begin PBXFrameworksBuildPhase section */
		3EF4674F1FCDE69F00001FAF /* Frameworks */ = {
			isa = PBXFrameworksBuildPhase;
			buildActionMask = 2147483647;
			files = (
				9A9F0ADB1FD74B360042431F /* Mapbox.framework in Frameworks */,
			);
			runOnlyForDeploymentPostprocessing = 0;
		};
/* End PBXFrameworksBuildPhase section */

/* Begin PBXGroup section */
		3EF467491FCDE69F00001FAF = {
			isa = PBXGroup;
			children = (
				3ED14FBE1FD7395A00DFDBC1 /* Mapbox.framework */,
				9A9F0ADA1FD74B360042431F /* Mapbox.framework */,
				3EF467541FCDE69F00001FAF /* AddLocationDemo */,
				3EF467531FCDE69F00001FAF /* Products */,
			);
			sourceTree = "<group>";
		};
		3EF467531FCDE69F00001FAF /* Products */ = {
			isa = PBXGroup;
			children = (
				3EF467521FCDE69F00001FAF /* AddLocationDemo.app */,
			);
			name = Products;
			sourceTree = "<group>";
		};
		3EF467541FCDE69F00001FAF /* AddLocationDemo */ = {
			isa = PBXGroup;
			children = (
				3EF467551FCDE69F00001FAF /* AppDelegate.swift */,
				3EF467571FCDE69F00001FAF /* ViewController.swift */,
				3EF4676C1FCE13E400001FAF /* hotels.geojson */,
				3EF467591FCDE69F00001FAF /* Main.storyboard */,
				3EF4675C1FCDE69F00001FAF /* Assets.xcassets */,
				3EF4675E1FCDE69F00001FAF /* LaunchScreen.storyboard */,
				3EF467611FCDE69F00001FAF /* Info.plist */,
			);
			path = AddLocationDemo;
			sourceTree = "<group>";
		};
/* End PBXGroup section */

/* Begin PBXNativeTarget section */
		3EF467511FCDE69F00001FAF /* AddLocationDemo */ = {
			isa = PBXNativeTarget;
			buildConfigurationList = 3EF467641FCDE69F00001FAF /* Build configuration list for PBXNativeTarget "AddLocationDemo" */;
			buildPhases = (
				3EF4674E1FCDE69F00001FAF /* Sources */,
				3EF4674F1FCDE69F00001FAF /* Frameworks */,
				3EF467501FCDE69F00001FAF /* Resources */,
				9A9F0ADD1FD74B360042431F /* Embed Frameworks */,
			);
			buildRules = (
			);
			dependencies = (
			);
			name = AddLocationDemo;
			productName = AddLocationDemo;
			productReference = 3EF467521FCDE69F00001FAF /* AddLocationDemo.app */;
			productType = "com.apple.product-type.application";
		};
/* End PBXNativeTarget section */

/* Begin PBXProject section */
		3EF4674A1FCDE69F00001FAF /* Project object */ = {
			isa = PBXProject;
			attributes = {
				LastSwiftUpdateCheck = 0920;
				LastUpgradeCheck = 0920;
				ORGANIZATIONNAME = Mapbox;
				TargetAttributes = {
					3EF467511FCDE69F00001FAF = {
						CreatedOnToolsVersion = 9.2;
						ProvisioningStyle = Automatic;
					};
				};
			};
			buildConfigurationList = 3EF4674D1FCDE69F00001FAF /* Build configuration list for PBXProject "AddLocationDemo" */;
			compatibilityVersion = "Xcode 8.0";
			developmentRegion = en;
			hasScannedForEncodings = 0;
			knownRegions = (
				en,
				Base,
			);
			mainGroup = 3EF467491FCDE69F00001FAF;
			productRefGroup = 3EF467531FCDE69F00001FAF /* Products */;
			projectDirPath = "";
			projectRoot = "";
			targets = (
				3EF467511FCDE69F00001FAF /* AddLocationDemo */,
			);
		};
/* End PBXProject section */

/* Begin PBXResourcesBuildPhase section */
		3EF467501FCDE69F00001FAF /* Resources */ = {
			isa = PBXResourcesBuildPhase;
			buildActionMask = 2147483647;
			files = (
				3EF4676D1FCE13E400001FAF /* hotels.geojson in Resources */,
				3EF467601FCDE69F00001FAF /* LaunchScreen.storyboard in Resources */,
				3EF4675D1FCDE69F00001FAF /* Assets.xcassets in Resources */,
				3EF4675B1FCDE69F00001FAF /* Main.storyboard in Resources */,
			);
			runOnlyForDeploymentPostprocessing = 0;
		};
/* End PBXResourcesBuildPhase section */

/* Begin PBXSourcesBuildPhase section */
		3EF4674E1FCDE69F00001FAF /* Sources */ = {
			isa = PBXSourcesBuildPhase;
			buildActionMask = 2147483647;
			files = (
				3EF467581FCDE69F00001FAF /* ViewController.swift in Sources */,
				3EF467561FCDE69F00001FAF /* AppDelegate.swift in Sources */,
			);
			runOnlyForDeploymentPostprocessing = 0;
		};
/* End PBXSourcesBuildPhase section */

/* Begin PBXVariantGroup section */
		3EF467591FCDE69F00001FAF /* Main.storyboard */ = {
			isa = PBXVariantGroup;
			children = (
				3EF4675A1FCDE69F00001FAF /* Base */,
			);
			name = Main.storyboard;
			sourceTree = "<group>";
		};
		3EF4675E1FCDE69F00001FAF /* LaunchScreen.storyboard */ = {
			isa = PBXVariantGroup;
			children = (
				3EF4675F1FCDE69F00001FAF /* Base */,
			);
			name = LaunchScreen.storyboard;
			sourceTree = "<group>";
		};
/* End PBXVariantGroup section */

/* Begin XCBuildConfiguration section */
		3EF467621FCDE69F00001FAF /* Debug */ = {
			isa = XCBuildConfiguration;
			buildSettings = {
				ALWAYS_SEARCH_USER_PATHS = NO;
				CLANG_ANALYZER_NONNULL = YES;
				CLANG_ANALYZER_NUMBER_OBJECT_CONVERSION = YES_AGGRESSIVE;
				CLANG_CXX_LANGUAGE_STANDARD = "gnu++14";
				CLANG_CXX_LIBRARY = "libc++";
				CLANG_ENABLE_MODULES = YES;
				CLANG_ENABLE_OBJC_ARC = YES;
				CLANG_WARN_BLOCK_CAPTURE_AUTORELEASING = YES;
				CLANG_WARN_BOOL_CONVERSION = YES;
				CLANG_WARN_COMMA = YES;
				CLANG_WARN_CONSTANT_CONVERSION = YES;
				CLANG_WARN_DIRECT_OBJC_ISA_USAGE = YES_ERROR;
				CLANG_WARN_DOCUMENTATION_COMMENTS = YES;
				CLANG_WARN_EMPTY_BODY = YES;
				CLANG_WARN_ENUM_CONVERSION = YES;
				CLANG_WARN_INFINITE_RECURSION = YES;
				CLANG_WARN_INT_CONVERSION = YES;
				CLANG_WARN_NON_LITERAL_NULL_CONVERSION = YES;
				CLANG_WARN_OBJC_LITERAL_CONVERSION = YES;
				CLANG_WARN_OBJC_ROOT_CLASS = YES_ERROR;
				CLANG_WARN_RANGE_LOOP_ANALYSIS = YES;
				CLANG_WARN_STRICT_PROTOTYPES = YES;
				CLANG_WARN_SUSPICIOUS_MOVE = YES;
				CLANG_WARN_UNGUARDED_AVAILABILITY = YES_AGGRESSIVE;
				CLANG_WARN_UNREACHABLE_CODE = YES;
				CLANG_WARN__DUPLICATE_METHOD_MATCH = YES;
				CODE_SIGN_IDENTITY = "iPhone Developer";
				COPY_PHASE_STRIP = NO;
				DEBUG_INFORMATION_FORMAT = dwarf;
				ENABLE_STRICT_OBJC_MSGSEND = YES;
				ENABLE_TESTABILITY = YES;
				GCC_C_LANGUAGE_STANDARD = gnu11;
				GCC_DYNAMIC_NO_PIC = NO;
				GCC_NO_COMMON_BLOCKS = YES;
				GCC_OPTIMIZATION_LEVEL = 0;
				GCC_PREPROCESSOR_DEFINITIONS = (
					"DEBUG=1",
					"$(inherited)",
				);
				GCC_WARN_64_TO_32_BIT_CONVERSION = YES;
				GCC_WARN_ABOUT_RETURN_TYPE = YES_ERROR;
				GCC_WARN_UNDECLARED_SELECTOR = YES;
				GCC_WARN_UNINITIALIZED_AUTOS = YES_AGGRESSIVE;
				GCC_WARN_UNUSED_FUNCTION = YES;
				GCC_WARN_UNUSED_VARIABLE = YES;
				IPHONEOS_DEPLOYMENT_TARGET = 11.2;
				MTL_ENABLE_DEBUG_INFO = YES;
				ONLY_ACTIVE_ARCH = YES;
				SDKROOT = iphoneos;
				SWIFT_ACTIVE_COMPILATION_CONDITIONS = DEBUG;
				SWIFT_OPTIMIZATION_LEVEL = "-Onone";
			};
			name = Debug;
		};
		3EF467631FCDE69F00001FAF /* Release */ = {
			isa = XCBuildConfiguration;
			buildSettings = {
				ALWAYS_SEARCH_USER_PATHS = NO;
				CLANG_ANALYZER_NONNULL = YES;
				CLANG_ANALYZER_NUMBER_OBJECT_CONVERSION = YES_AGGRESSIVE;
				CLANG_CXX_LANGUAGE_STANDARD = "gnu++14";
				CLANG_CXX_LIBRARY = "libc++";
				CLANG_ENABLE_MODULES = YES;
				CLANG_ENABLE_OBJC_ARC = YES;
				CLANG_WARN_BLOCK_CAPTURE_AUTORELEASING = YES;
				CLANG_WARN_BOOL_CONVERSION = YES;
				CLANG_WARN_COMMA = YES;
				CLANG_WARN_CONSTANT_CONVERSION = YES;
				CLANG_WARN_DIRECT_OBJC_ISA_USAGE = YES_ERROR;
				CLANG_WARN_DOCUMENTATION_COMMENTS = YES;
				CLANG_WARN_EMPTY_BODY = YES;
				CLANG_WARN_ENUM_CONVERSION = YES;
				CLANG_WARN_INFINITE_RECURSION = YES;
				CLANG_WARN_INT_CONVERSION = YES;
				CLANG_WARN_NON_LITERAL_NULL_CONVERSION = YES;
				CLANG_WARN_OBJC_LITERAL_CONVERSION = YES;
				CLANG_WARN_OBJC_ROOT_CLASS = YES_ERROR;
				CLANG_WARN_RANGE_LOOP_ANALYSIS = YES;
				CLANG_WARN_STRICT_PROTOTYPES = YES;
				CLANG_WARN_SUSPICIOUS_MOVE = YES;
				CLANG_WARN_UNGUARDED_AVAILABILITY = YES_AGGRESSIVE;
				CLANG_WARN_UNREACHABLE_CODE = YES;
				CLANG_WARN__DUPLICATE_METHOD_MATCH = YES;
				CODE_SIGN_IDENTITY = "iPhone Developer";
				COPY_PHASE_STRIP = NO;
				DEBUG_INFORMATION_FORMAT = "dwarf-with-dsym";
				ENABLE_NS_ASSERTIONS = NO;
				ENABLE_STRICT_OBJC_MSGSEND = YES;
				GCC_C_LANGUAGE_STANDARD = gnu11;
				GCC_NO_COMMON_BLOCKS = YES;
				GCC_WARN_64_TO_32_BIT_CONVERSION = YES;
				GCC_WARN_ABOUT_RETURN_TYPE = YES_ERROR;
				GCC_WARN_UNDECLARED_SELECTOR = YES;
				GCC_WARN_UNINITIALIZED_AUTOS = YES_AGGRESSIVE;
				GCC_WARN_UNUSED_FUNCTION = YES;
				GCC_WARN_UNUSED_VARIABLE = YES;
				IPHONEOS_DEPLOYMENT_TARGET = 11.2;
				MTL_ENABLE_DEBUG_INFO = NO;
				SDKROOT = iphoneos;
				SWIFT_OPTIMIZATION_LEVEL = "-Owholemodule";
				VALIDATE_PRODUCT = YES;
			};
			name = Release;
		};
		3EF467651FCDE69F00001FAF /* Debug */ = {
			isa = XCBuildConfiguration;
			buildSettings = {
				ASSETCATALOG_COMPILER_APPICON_NAME = AppIcon;
				CODE_SIGN_STYLE = Automatic;
				DEVELOPMENT_TEAM = "";
				FRAMEWORK_SEARCH_PATHS = (
					"$(inherited)",
					"$(PROJECT_DIR)",
				);
				INFOPLIST_FILE = AddLocationDemo/Info.plist;
				IPHONEOS_DEPLOYMENT_TARGET = 11.0;
				LD_RUNPATH_SEARCH_PATHS = "$(inherited) @executable_path/Frameworks";
				PRODUCT_BUNDLE_IDENTIFIER = "--.AddLocationDemo";
				PRODUCT_NAME = "$(TARGET_NAME)";
				SWIFT_VERSION = 4.0;
				TARGETED_DEVICE_FAMILY = "1,2";
			};
			name = Debug;
		};
		3EF467661FCDE69F00001FAF /* Release */ = {
			isa = XCBuildConfiguration;
			buildSettings = {
				ASSETCATALOG_COMPILER_APPICON_NAME = AppIcon;
				CODE_SIGN_STYLE = Automatic;
				DEVELOPMENT_TEAM = "";
				FRAMEWORK_SEARCH_PATHS = (
					"$(inherited)",
					"$(PROJECT_DIR)",
				);
				INFOPLIST_FILE = AddLocationDemo/Info.plist;
				IPHONEOS_DEPLOYMENT_TARGET = 11.0;
				LD_RUNPATH_SEARCH_PATHS = "$(inherited) @executable_path/Frameworks";
				PRODUCT_BUNDLE_IDENTIFIER = "--.AddLocationDemo";
				PRODUCT_NAME = "$(TARGET_NAME)";
				SWIFT_VERSION = 4.0;
				TARGETED_DEVICE_FAMILY = "1,2";
			};
			name = Release;
		};
/* End XCBuildConfiguration section */

/* Begin XCConfigurationList section */
		3EF4674D1FCDE69F00001FAF /* Build configuration list for PBXProject "AddLocationDemo" */ = {
			isa = XCConfigurationList;
			buildConfigurations = (
				3EF467621FCDE69F00001FAF /* Debug */,
				3EF467631FCDE69F00001FAF /* Release */,
			);
			defaultConfigurationIsVisible = 0;
			defaultConfigurationName = Release;
		};
		3EF467641FCDE69F00001FAF /* Build configuration list for PBXNativeTarget "AddLocationDemo" */ = {
			isa = XCConfigurationList;
			buildConfigurations = (
				3EF467651FCDE69F00001FAF /* Debug */,
				3EF467661FCDE69F00001FAF /* Release */,
			);
			defaultConfigurationIsVisible = 0;
			defaultConfigurationName = Release;
		};
/* End XCConfigurationList section */
	};
	rootObject = 3EF4674A1FCDE69F00001FAF /* Project object */;
}
